
Microsoft Visual Studio Solution File, Format Version 12.00
# Visual Studio Version 17
VisualStudioVersion = 17.1.32319.34
MinimumVisualStudioVersion = 10.0.40219.1
Project("{FAE04EC0-301F-11D3-BF4B-00C04F79EFBC}") = "WindowsFormsApp1", "WindowsFormsApp1.csproj", "{5E45AAC8-6663-4042-990F-6BC524033576}"
EndProject
Global
	GlobalSection(SolutionConfigurationPlatforms) = preSolution
		Debug|Any CPU = Debug|Any CPU
		Release|Any CPU = Release|Any CPU
	EndGlobalSection
	GlobalSection(ProjectConfigurationPlatforms) = postSolution
		{5E45AAC8-6663-4042-990F-6BC524033576}.Debug|Any CPU.ActiveCfg = Debug|Any CPU
		{5E45AAC8-6663-4042-990F-6BC524033576}.Debug|Any CPU.Build.0 = Debug|Any CPU
		{5E45AAC8-6663-4042-990F-6BC524033576}.Release|Any CPU.ActiveCfg = Release|Any CPU
		{5E45AAC8-6663-4042-990F-6BC524033576}.Release|Any CPU.Build.0 = Release|Any CPU
	EndGlobalSection
	GlobalSection(SolutionProperties) = preSolution
		HideSolutionNode = FALSE
	EndGlobalSection
	GlobalSection(ExtensibilityGlobals) = postSolution
		SolutionGuid = {B715A1AB-AA89-4A53-A9D5-A4553F6AA598}
	EndGlobalSection
EndGlobal
